
Microsoft Visual Studio Solution File, Format Version 12.00
# Visual Studio Version 18
VisualStudioVersion = 18.1.11312.151 d18.0
MinimumVisualStudioVersion = 10.0.40219.1
Project("{2150E333-8FDC-42A3-9474-1A3956D46DE8}") = "src", "src", "{3F4D51FA-4930-4518-AB24-840467D5F742}"
EndProject
Project("{FAE04EC0-301F-11D3-BF4B-00C04F79EFBC}") = "LMS.Domain", "src\LMS.Domain\LMS.Domain.csproj", "{BE9356F8-37C8-477F-AE31-0DA0DDCFC971}"
EndProject
Project("{FAE04EC0-301F-11D3-BF4B-00C04F79EFBC}") = "LMS.Application", "src\LMS.Application\LMS.Application.csproj", "{988CCB3B-2232-48C6-835B-01FC1D68FD19}"
EndProject
Project("{FAE04EC0-301F-11D3-BF4B-00C04F79EFBC}") = "LMS.Infrastructure", "src\LMS.Infrastructure\LMS.Infrastructure.csproj", "{625306D2-9648-48AC-A210-4F255071C4DA}"
EndProject
Project("{FAE04EC0-301F-11D3-BF4B-00C04F79EFBC}") = "LMS.API", "src\LMS.API\LMS.API.csproj", "{4E00B3D6-E424-4895-8D96-1F78D9664859}"
EndProject
Global
	GlobalSection(SolutionConfigurationPlatforms) = preSolution
		Debug|Any CPU = Debug|Any CPU
		Release|Any CPU = Release|Any CPU
	EndGlobalSection
	GlobalSection(ProjectConfigurationPlatforms) = postSolution
		{BE9356F8-37C8-477F-AE31-0DA0DDCFC971}.Debug|Any CPU.ActiveCfg = Debug|Any CPU
		{BE9356F8-37C8-477F-AE31-0DA0DDCFC971}.Debug|Any CPU.Build.0 = Debug|Any CPU
		{BE9356F8-37C8-477F-AE31-0DA0DDCFC971}.Release|Any CPU.ActiveCfg = Release|Any CPU
		{BE9356F8-37C8-477F-AE31-0DA0DDCFC971}.Release|Any CPU.Build.0 = Release|Any CPU
		{988CCB3B-2232-48C6-835B-01FC1D68FD19}.Debug|Any CPU.ActiveCfg = Debug|Any CPU
		{988CCB3B-2232-48C6-835B-01FC1D68FD19}.Debug|Any CPU.Build.0 = Debug|Any CPU
		{988CCB3B-2232-48C6-835B-01FC1D68FD19}.Release|Any CPU.ActiveCfg = Release|Any CPU
		{988CCB3B-2232-48C6-835B-01FC1D68FD19}.Release|Any CPU.Build.0 = Release|Any CPU
		{625306D2-9648-48AC-A210-4F255071C4DA}.Debug|Any CPU.ActiveCfg = Debug|Any CPU
		{625306D2-9648-48AC-A210-4F255071C4DA}.Debug|Any CPU.Build.0 = Debug|Any CPU
		{625306D2-9648-48AC-A210-4F255071C4DA}.Release|Any CPU.ActiveCfg = Release|Any CPU
		{625306D2-9648-48AC-A210-4F255071C4DA}.Release|Any CPU.Build.0 = Release|Any CPU
		{4E00B3D6-E424-4895-8D96-1F78D9664859}.Debug|Any CPU.ActiveCfg = Debug|Any CPU
		{4E00B3D6-E424-4895-8D96-1F78D9664859}.Debug|Any CPU.Build.0 = Debug|Any CPU
		{4E00B3D6-E424-4895-8D96-1F78D9664859}.Release|Any CPU.ActiveCfg = Release|Any CPU
		{4E00B3D6-E424-4895-8D96-1F78D9664859}.Release|Any CPU.Build.0 = Release|Any CPU
	EndGlobalSection
	GlobalSection(SolutionProperties) = preSolution
		HideSolutionNode = FALSE
	EndGlobalSection
	GlobalSection(NestedProjects) = preSolution
		{BE9356F8-37C8-477F-AE31-0DA0DDCFC971} = {3F4D51FA-4930-4518-AB24-840467D5F742}
		{988CCB3B-2232-48C6-835B-01FC1D68FD19} = {3F4D51FA-4930-4518-AB24-840467D5F742}
		{625306D2-9648-48AC-A210-4F255071C4DA} = {3F4D51FA-4930-4518-AB24-840467D5F742}
		{4E00B3D6-E424-4895-8D96-1F78D9664859} = {3F4D51FA-4930-4518-AB24-840467D5F742}
	EndGlobalSection
	GlobalSection(ExtensibilityGlobals) = postSolution
		SolutionGuid = {BD66EC07-26EF-4483-893B-F763C476B411}
	EndGlobalSection
EndGlobal
